
Microsoft Visual Studio Solution File, Format Version 12.00
# Visual Studio 15
VisualStudioVersion = 15.0.28307.572
MinimumVisualStudioVersion = 10.0.40219.1
Project("{FAE04EC0-301F-11D3-BF4B-00C04F79EFBC}") = "Base.Api", "Base.Api\Base.Api.csproj", "{4C2BB518-AEAC-4BBE-93F4-452BDCF8C996}"
EndProject
Global
	GlobalSection(SolutionConfigurationPlatforms) = preSolution
		Debug|Any CPU = Debug|Any CPU
		Release|Any CPU = Release|Any CPU
	EndGlobalSection
	GlobalSection(ProjectConfigurationPlatforms) = postSolution
		{4C2BB518-AEAC-4BBE-93F4-452BDCF8C996}.Debug|Any CPU.ActiveCfg = Debug|Any CPU
		{4C2BB518-AEAC-4BBE-93F4-452BDCF8C996}.Debug|Any CPU.Build.0 = Debug|Any CPU
		{4C2BB518-AEAC-4BBE-93F4-452BDCF8C996}.Release|Any CPU.ActiveCfg = Release|Any CPU
		{4C2BB518-AEAC-4BBE-93F4-452BDCF8C996}.Release|Any CPU.Build.0 = Release|Any CPU
	EndGlobalSection
	GlobalSection(SolutionProperties) = preSolution
		HideSolutionNode = FALSE
	EndGlobalSection
	GlobalSection(ExtensibilityGlobals) = postSolution
		SolutionGuid = {44B044A4-7D34-492F-A3A1-ECDA4D5FFE91}
	EndGlobalSection
EndGlobal
